// !$*UTF8*$!
{
	archiveVersion = 1;
	classes = {
	};
	objectVersion = 46;
	objects = {

/* Begin PBXBuildFile section */
		238708A33B012FD811665EE5 /* libPods-LocationFinderTests.a in Frameworks */ = {isa = PBXBuildFile; fileRef = 94FF3296D443969B32E1232A /* libPods-LocationFinderTests.a */; };
		4CFC74C4192492C0002146AC /* Foundation.framework in Frameworks */ = {isa = PBXBuildFile; fileRef = 4CFC74C3192492C0002146AC /* Foundation.framework */; };
		4CFC74C6192492C0002146AC /* CoreGraphics.framework in Frameworks */ = {isa = PBXBuildFile; fileRef = 4CFC74C5192492C0002146AC /* CoreGraphics.framework */; };
		4CFC74C8192492C0002146AC /* UIKit.framework in Frameworks */ = {isa = PBXBuildFile; fileRef = 4CFC74C7192492C0002146AC /* UIKit.framework */; };
		4CFC74CE192492C0002146AC /* InfoPlist.strings in Resources */ = {isa = PBXBuildFile; fileRef = 4CFC74CC192492C0002146AC /* InfoPlist.strings */; };
		4CFC74D0192492C0002146AC /* main.m in Sources */ = {isa = PBXBuildFile; fileRef = 4CFC74CF192492C0002146AC /* main.m */; };
		4CFC74D4192492C0002146AC /* AppDelegate.m in Sources */ = {isa = PBXBuildFile; fileRef = 4CFC74D3192492C0002146AC /* AppDelegate.m */; };
		4CFC74D7192492C0002146AC /* Main_iPhone.storyboard in Resources */ = {isa = PBXBuildFile; fileRef = 4CFC74D5192492C0002146AC /* Main_iPhone.storyboard */; };
		4CFC74DA192492C0002146AC /* Main_iPad.storyboard in Resources */ = {isa = PBXBuildFile; fileRef = 4CFC74D8192492C0002146AC /* Main_iPad.storyboard */; };
		4CFC74DD192492C0002146AC /* LocationFinderViewController.m in Sources */ = {isa = PBXBuildFile; fileRef = 4CFC74DC192492C0002146AC /* LocationFinderViewController.m */; };
		4CFC74DF192492C0002146AC /* Images.xcassets in Resources */ = {isa = PBXBuildFile; fileRef = 4CFC74DE192492C0002146AC /* Images.xcassets */; };
		4CFC74E6192492C0002146AC /* XCTest.framework in Frameworks */ = {isa = PBXBuildFile; fileRef = 4CFC74E5192492C0002146AC /* XCTest.framework */; };
		4CFC74E7192492C0002146AC /* Foundation.framework in Frameworks */ = {isa = PBXBuildFile; fileRef = 4CFC74C3192492C0002146AC /* Foundation.framework */; };
		4CFC74E8192492C0002146AC /* UIKit.framework in Frameworks */ = {isa = PBXBuildFile; fileRef = 4CFC74C7192492C0002146AC /* UIKit.framework */; };
		4CFC74F0192492C0002146AC /* InfoPlist.strings in Resources */ = {isa = PBXBuildFile; fileRef = 4CFC74EE192492C0002146AC /* InfoPlist.strings */; };
		4CFC74F2192492C0002146AC /* LocationFinderTests.m in Sources */ = {isa = PBXBuildFile; fileRef = 4CFC74F1192492C0002146AC /* LocationFinderTests.m */; };
		4CFC74FC192492E0002146AC /* CoreLocation.framework in Frameworks */ = {isa = PBXBuildFile; fileRef = 4CFC74FB192492E0002146AC /* CoreLocation.framework */; };
		64F3805B4F07AFB27DF8D572 /* libPods-LocationFinder.a in Frameworks */ = {isa = PBXBuildFile; fileRef = 79CFBEF7C751693A6AAEA502 /* libPods-LocationFinder.a */; };
		958F6B7A1E89939200249962 /* ViewController.m in Sources */ = {isa = PBXBuildFile; fileRef = 958F6B791E89939200249962 /* ViewController.m */; };
		95B0C7E11E8F0A10008BB00F /* SWRevealViewController.m in Sources */ = {isa = PBXBuildFile; fileRef = 95B0C7E01E8F0A10008BB00F /* SWRevealViewController.m */; };
		95B0C7E91E8F1013008BB00F /* Home_1.jpg in Resources */ = {isa = PBXBuildFile; fileRef = 95B0C7E51E8F1013008BB00F /* Home_1.jpg */; };
		95B0C7EA1E8F1013008BB00F /* Home_Signin_1.jpg in Resources */ = {isa = PBXBuildFile; fileRef = 95B0C7E61E8F1013008BB00F /* Home_Signin_1.jpg */; };
		95B0C7EB1E8F1013008BB00F /* Home_SignUp_1.jpg in Resources */ = {isa = PBXBuildFile; fileRef = 95B0C7E71E8F1013008BB00F /* Home_SignUp_1.jpg */; };
		95B0C7EC1E8F1013008BB00F /* Home_2.jpg in Resources */ = {isa = PBXBuildFile; fileRef = 95B0C7E81E8F1013008BB00F /* Home_2.jpg */; };
		95B0C7EE1E8F196E008BB00F /* Launch Screen.storyboard in Resources */ = {isa = PBXBuildFile; fileRef = 95B0C7ED1E8F196E008BB00F /* Launch Screen.storyboard */; };
		95B0C7F01E8F1F9B008BB00F /* Home_3.jpg in Resources */ = {isa = PBXBuildFile; fileRef = 95B0C7EF1E8F1F9B008BB00F /* Home_3.jpg */; };
		95B0C7F31E8F3159008BB00F /* SignInSignUpViewController.m in Sources */ = {isa = PBXBuildFile; fileRef = 95B0C7F21E8F3159008BB00F /* SignInSignUpViewController.m */; };
		95B0C7F61E8F3169008BB00F /* SignInViewController.m in Sources */ = {isa = PBXBuildFile; fileRef = 95B0C7F51E8F3169008BB00F /* SignInViewController.m */; };
		95B0C7F91E8F317C008BB00F /* SignUpViewController.m in Sources */ = {isa = PBXBuildFile; fileRef = 95B0C7F81E8F317C008BB00F /* SignUpViewController.m */; };
<<<<<<< HEAD
		95B0C7FB1E8F9557008BB00F /* GoogleService-Info.plist in Resources */ = {isa = PBXBuildFile; fileRef = 95B0C7FA1E8F9557008BB00F /* GoogleService-Info.plist */; };
=======
>>>>>>> origin/master
/* End PBXBuildFile section */

/* Begin PBXContainerItemProxy section */
		4CFC74E9192492C0002146AC /* PBXContainerItemProxy */ = {
			isa = PBXContainerItemProxy;
			containerPortal = 4CFC74B8192492C0002146AC /* Project object */;
			proxyType = 1;
			remoteGlobalIDString = 4CFC74BF192492C0002146AC;
			remoteInfo = LocationFinder;
		};
/* End PBXContainerItemProxy section */

/* Begin PBXFileReference section */
		0338C57E3564938B43BCDE03 /* Pods-LocationFinder.debug.xcconfig */ = {isa = PBXFileReference; includeInIndex = 1; lastKnownFileType = text.xcconfig; name = "Pods-LocationFinder.debug.xcconfig"; path = "Pods/Target Support Files/Pods-LocationFinder/Pods-LocationFinder.debug.xcconfig"; sourceTree = "<group>"; };
		4CFC74C0192492C0002146AC /* LocationSearch.app */ = {isa = PBXFileReference; explicitFileType = wrapper.application; includeInIndex = 0; path = LocationSearch.app; sourceTree = BUILT_PRODUCTS_DIR; };
		4CFC74C3192492C0002146AC /* Foundation.framework */ = {isa = PBXFileReference; lastKnownFileType = wrapper.framework; name = Foundation.framework; path = System/Library/Frameworks/Foundation.framework; sourceTree = SDKROOT; };
		4CFC74C5192492C0002146AC /* CoreGraphics.framework */ = {isa = PBXFileReference; lastKnownFileType = wrapper.framework; name = CoreGraphics.framework; path = System/Library/Frameworks/CoreGraphics.framework; sourceTree = SDKROOT; };
		4CFC74C7192492C0002146AC /* UIKit.framework */ = {isa = PBXFileReference; lastKnownFileType = wrapper.framework; name = UIKit.framework; path = System/Library/Frameworks/UIKit.framework; sourceTree = SDKROOT; };
		4CFC74CB192492C0002146AC /* LocationFinder-Info.plist */ = {isa = PBXFileReference; lastKnownFileType = text.plist.xml; path = "LocationFinder-Info.plist"; sourceTree = "<group>"; };
		4CFC74CD192492C0002146AC /* en */ = {isa = PBXFileReference; lastKnownFileType = text.plist.strings; name = en; path = en.lproj/InfoPlist.strings; sourceTree = "<group>"; };
		4CFC74CF192492C0002146AC /* main.m */ = {isa = PBXFileReference; lastKnownFileType = sourcecode.c.objc; path = main.m; sourceTree = "<group>"; };
		4CFC74D1192492C0002146AC /* LocationFinder-Prefix.pch */ = {isa = PBXFileReference; lastKnownFileType = sourcecode.c.h; path = "LocationFinder-Prefix.pch"; sourceTree = "<group>"; };
		4CFC74D2192492C0002146AC /* AppDelegate.h */ = {isa = PBXFileReference; lastKnownFileType = sourcecode.c.h; path = AppDelegate.h; sourceTree = "<group>"; };
		4CFC74D3192492C0002146AC /* AppDelegate.m */ = {isa = PBXFileReference; lastKnownFileType = sourcecode.c.objc; path = AppDelegate.m; sourceTree = "<group>"; };
		4CFC74D6192492C0002146AC /* Base */ = {isa = PBXFileReference; lastKnownFileType = file.storyboard; name = Base; path = Base.lproj/Main_iPhone.storyboard; sourceTree = "<group>"; };
		4CFC74D9192492C0002146AC /* Base */ = {isa = PBXFileReference; lastKnownFileType = file.storyboard; name = Base; path = Base.lproj/Main_iPad.storyboard; sourceTree = "<group>"; };
		4CFC74DB192492C0002146AC /* LocationFinderViewController.h */ = {isa = PBXFileReference; lastKnownFileType = sourcecode.c.h; path = LocationFinderViewController.h; sourceTree = "<group>"; };
		4CFC74DC192492C0002146AC /* LocationFinderViewController.m */ = {isa = PBXFileReference; lastKnownFileType = sourcecode.c.objc; path = LocationFinderViewController.m; sourceTree = "<group>"; };
		4CFC74DE192492C0002146AC /* Images.xcassets */ = {isa = PBXFileReference; lastKnownFileType = folder.assetcatalog; path = Images.xcassets; sourceTree = "<group>"; };
		4CFC74E4192492C0002146AC /* LocationFinderTests.xctest */ = {isa = PBXFileReference; explicitFileType = wrapper.cfbundle; includeInIndex = 0; path = LocationFinderTests.xctest; sourceTree = BUILT_PRODUCTS_DIR; };
		4CFC74E5192492C0002146AC /* XCTest.framework */ = {isa = PBXFileReference; lastKnownFileType = wrapper.framework; name = XCTest.framework; path = Library/Frameworks/XCTest.framework; sourceTree = DEVELOPER_DIR; };
		4CFC74ED192492C0002146AC /* LocationFinderTests-Info.plist */ = {isa = PBXFileReference; lastKnownFileType = text.plist.xml; path = "LocationFinderTests-Info.plist"; sourceTree = "<group>"; };
		4CFC74EF192492C0002146AC /* en */ = {isa = PBXFileReference; lastKnownFileType = text.plist.strings; name = en; path = en.lproj/InfoPlist.strings; sourceTree = "<group>"; };
		4CFC74F1192492C0002146AC /* LocationFinderTests.m */ = {isa = PBXFileReference; lastKnownFileType = sourcecode.c.objc; path = LocationFinderTests.m; sourceTree = "<group>"; };
		4CFC74FB192492E0002146AC /* CoreLocation.framework */ = {isa = PBXFileReference; lastKnownFileType = wrapper.framework; name = CoreLocation.framework; path = System/Library/Frameworks/CoreLocation.framework; sourceTree = SDKROOT; };
		711B7418418184969050BBC8 /* Pods-LocationFinderTests.debug.xcconfig */ = {isa = PBXFileReference; includeInIndex = 1; lastKnownFileType = text.xcconfig; name = "Pods-LocationFinderTests.debug.xcconfig"; path = "Pods/Target Support Files/Pods-LocationFinderTests/Pods-LocationFinderTests.debug.xcconfig"; sourceTree = "<group>"; };
		79CFBEF7C751693A6AAEA502 /* libPods-LocationFinder.a */ = {isa = PBXFileReference; explicitFileType = archive.ar; includeInIndex = 0; path = "libPods-LocationFinder.a"; sourceTree = BUILT_PRODUCTS_DIR; };
		920ECBDF863113C5F4C5CD25 /* Pods-LocationFinder.release.xcconfig */ = {isa = PBXFileReference; includeInIndex = 1; lastKnownFileType = text.xcconfig; name = "Pods-LocationFinder.release.xcconfig"; path = "Pods/Target Support Files/Pods-LocationFinder/Pods-LocationFinder.release.xcconfig"; sourceTree = "<group>"; };
		94FF3296D443969B32E1232A /* libPods-LocationFinderTests.a */ = {isa = PBXFileReference; explicitFileType = archive.ar; includeInIndex = 0; path = "libPods-LocationFinderTests.a"; sourceTree = BUILT_PRODUCTS_DIR; };
		958F6B781E89939200249962 /* ViewController.h */ = {isa = PBXFileReference; fileEncoding = 4; lastKnownFileType = sourcecode.c.h; path = ViewController.h; sourceTree = "<group>"; };
		958F6B791E89939200249962 /* ViewController.m */ = {isa = PBXFileReference; fileEncoding = 4; lastKnownFileType = sourcecode.c.objc; path = ViewController.m; sourceTree = "<group>"; };
		95B0C7DF1E8F0A10008BB00F /* SWRevealViewController.h */ = {isa = PBXFileReference; fileEncoding = 4; lastKnownFileType = sourcecode.c.h; path = SWRevealViewController.h; sourceTree = "<group>"; };
		95B0C7E01E8F0A10008BB00F /* SWRevealViewController.m */ = {isa = PBXFileReference; fileEncoding = 4; lastKnownFileType = sourcecode.c.objc; path = SWRevealViewController.m; sourceTree = "<group>"; };
		95B0C7E51E8F1013008BB00F /* Home_1.jpg */ = {isa = PBXFileReference; lastKnownFileType = image.jpeg; path = Home_1.jpg; sourceTree = "<group>"; };
		95B0C7E61E8F1013008BB00F /* Home_Signin_1.jpg */ = {isa = PBXFileReference; lastKnownFileType = image.jpeg; path = Home_Signin_1.jpg; sourceTree = "<group>"; };
		95B0C7E71E8F1013008BB00F /* Home_SignUp_1.jpg */ = {isa = PBXFileReference; lastKnownFileType = image.jpeg; path = Home_SignUp_1.jpg; sourceTree = "<group>"; };
		95B0C7E81E8F1013008BB00F /* Home_2.jpg */ = {isa = PBXFileReference; lastKnownFileType = image.jpeg; path = Home_2.jpg; sourceTree = "<group>"; };
		95B0C7ED1E8F196E008BB00F /* Launch Screen.storyboard */ = {isa = PBXFileReference; fileEncoding = 4; lastKnownFileType = file.storyboard; path = "Launch Screen.storyboard"; sourceTree = "<group>"; };
		95B0C7EF1E8F1F9B008BB00F /* Home_3.jpg */ = {isa = PBXFileReference; lastKnownFileType = image.jpeg; path = Home_3.jpg; sourceTree = "<group>"; };
		95B0C7F11E8F3159008BB00F /* SignInSignUpViewController.h */ = {isa = PBXFileReference; fileEncoding = 4; lastKnownFileType = sourcecode.c.h; path = SignInSignUpViewController.h; sourceTree = "<group>"; };
		95B0C7F21E8F3159008BB00F /* SignInSignUpViewController.m */ = {isa = PBXFileReference; fileEncoding = 4; lastKnownFileType = sourcecode.c.objc; path = SignInSignUpViewController.m; sourceTree = "<group>"; };
		95B0C7F41E8F3169008BB00F /* SignInViewController.h */ = {isa = PBXFileReference; fileEncoding = 4; lastKnownFileType = sourcecode.c.h; path = SignInViewController.h; sourceTree = "<group>"; };
		95B0C7F51E8F3169008BB00F /* SignInViewController.m */ = {isa = PBXFileReference; fileEncoding = 4; lastKnownFileType = sourcecode.c.objc; path = SignInViewController.m; sourceTree = "<group>"; };
		95B0C7F71E8F317C008BB00F /* SignUpViewController.h */ = {isa = PBXFileReference; fileEncoding = 4; lastKnownFileType = sourcecode.c.h; path = SignUpViewController.h; sourceTree = "<group>"; };
		95B0C7F81E8F317C008BB00F /* SignUpViewController.m */ = {isa = PBXFileReference; fileEncoding = 4; lastKnownFileType = sourcecode.c.objc; path = SignUpViewController.m; sourceTree = "<group>"; };
<<<<<<< HEAD
		95B0C7FA1E8F9557008BB00F /* GoogleService-Info.plist */ = {isa = PBXFileReference; fileEncoding = 4; lastKnownFileType = text.plist.xml; path = "GoogleService-Info.plist"; sourceTree = "<group>"; };
=======
>>>>>>> origin/master
		BED66BABFB73253C6969F4DD /* Pods-LocationFinderTests.release.xcconfig */ = {isa = PBXFileReference; includeInIndex = 1; lastKnownFileType = text.xcconfig; name = "Pods-LocationFinderTests.release.xcconfig"; path = "Pods/Target Support Files/Pods-LocationFinderTests/Pods-LocationFinderTests.release.xcconfig"; sourceTree = "<group>"; };
/* End PBXFileReference section */

/* Begin PBXFrameworksBuildPhase section */
		4CFC74BD192492C0002146AC /* Frameworks */ = {
			isa = PBXFrameworksBuildPhase;
			buildActionMask = 2147483647;
			files = (
				4CFC74FC192492E0002146AC /* CoreLocation.framework in Frameworks */,
				4CFC74C6192492C0002146AC /* CoreGraphics.framework in Frameworks */,
				4CFC74C8192492C0002146AC /* UIKit.framework in Frameworks */,
				4CFC74C4192492C0002146AC /* Foundation.framework in Frameworks */,
				64F3805B4F07AFB27DF8D572 /* libPods-LocationFinder.a in Frameworks */,
			);
			runOnlyForDeploymentPostprocessing = 0;
		};
		4CFC74E1192492C0002146AC /* Frameworks */ = {
			isa = PBXFrameworksBuildPhase;
			buildActionMask = 2147483647;
			files = (
				4CFC74E6192492C0002146AC /* XCTest.framework in Frameworks */,
				4CFC74E8192492C0002146AC /* UIKit.framework in Frameworks */,
				4CFC74E7192492C0002146AC /* Foundation.framework in Frameworks */,
				238708A33B012FD811665EE5 /* libPods-LocationFinderTests.a in Frameworks */,
			);
			runOnlyForDeploymentPostprocessing = 0;
		};
/* End PBXFrameworksBuildPhase section */

/* Begin PBXGroup section */
		11518EA3192365288ED951C7 /* Pods */ = {
			isa = PBXGroup;
			children = (
				0338C57E3564938B43BCDE03 /* Pods-LocationFinder.debug.xcconfig */,
				920ECBDF863113C5F4C5CD25 /* Pods-LocationFinder.release.xcconfig */,
				711B7418418184969050BBC8 /* Pods-LocationFinderTests.debug.xcconfig */,
				BED66BABFB73253C6969F4DD /* Pods-LocationFinderTests.release.xcconfig */,
			);
			name = Pods;
			sourceTree = "<group>";
		};
		4CFC74B7192492C0002146AC = {
			isa = PBXGroup;
			children = (
				4CFC74C9192492C0002146AC /* LocationFinder */,
				4CFC74EB192492C0002146AC /* LocationFinderTests */,
				4CFC74C2192492C0002146AC /* Frameworks */,
				4CFC74C1192492C0002146AC /* Products */,
				11518EA3192365288ED951C7 /* Pods */,
			);
			sourceTree = "<group>";
		};
		4CFC74C1192492C0002146AC /* Products */ = {
			isa = PBXGroup;
			children = (
				4CFC74C0192492C0002146AC /* LocationSearch.app */,
				4CFC74E4192492C0002146AC /* LocationFinderTests.xctest */,
			);
			name = Products;
			sourceTree = "<group>";
		};
		4CFC74C2192492C0002146AC /* Frameworks */ = {
			isa = PBXGroup;
			children = (
				4CFC74FB192492E0002146AC /* CoreLocation.framework */,
				4CFC74C3192492C0002146AC /* Foundation.framework */,
				4CFC74C5192492C0002146AC /* CoreGraphics.framework */,
				4CFC74C7192492C0002146AC /* UIKit.framework */,
				4CFC74E5192492C0002146AC /* XCTest.framework */,
				79CFBEF7C751693A6AAEA502 /* libPods-LocationFinder.a */,
				94FF3296D443969B32E1232A /* libPods-LocationFinderTests.a */,
			);
			name = Frameworks;
			sourceTree = "<group>";
		};
		4CFC74C9192492C0002146AC /* LocationFinder */ = {
			isa = PBXGroup;
			children = (
				4CFC74D2192492C0002146AC /* AppDelegate.h */,
				4CFC74D3192492C0002146AC /* AppDelegate.m */,
				4CFC74D5192492C0002146AC /* Main_iPhone.storyboard */,
				4CFC74D8192492C0002146AC /* Main_iPad.storyboard */,
				4CFC74DB192492C0002146AC /* LocationFinderViewController.h */,
				4CFC74DC192492C0002146AC /* LocationFinderViewController.m */,
				4CFC74DE192492C0002146AC /* Images.xcassets */,
				95B0C7EF1E8F1F9B008BB00F /* Home_3.jpg */,
				95B0C7E51E8F1013008BB00F /* Home_1.jpg */,
				95B0C7E61E8F1013008BB00F /* Home_Signin_1.jpg */,
				95B0C7E71E8F1013008BB00F /* Home_SignUp_1.jpg */,
				95B0C7E81E8F1013008BB00F /* Home_2.jpg */,
				4CFC74CA192492C0002146AC /* Supporting Files */,
				958F6B781E89939200249962 /* ViewController.h */,
				958F6B791E89939200249962 /* ViewController.m */,
				95B0C7ED1E8F196E008BB00F /* Launch Screen.storyboard */,
				95B0C7F11E8F3159008BB00F /* SignInSignUpViewController.h */,
				95B0C7F21E8F3159008BB00F /* SignInSignUpViewController.m */,
				95B0C7F41E8F3169008BB00F /* SignInViewController.h */,
				95B0C7F51E8F3169008BB00F /* SignInViewController.m */,
				95B0C7F71E8F317C008BB00F /* SignUpViewController.h */,
				95B0C7F81E8F317C008BB00F /* SignUpViewController.m */,
			);
			path = LocationFinder;
			sourceTree = "<group>";
		};
		4CFC74CA192492C0002146AC /* Supporting Files */ = {
			isa = PBXGroup;
			children = (
<<<<<<< HEAD
				95B0C7FA1E8F9557008BB00F /* GoogleService-Info.plist */,
=======
>>>>>>> origin/master
				95B0C7DF1E8F0A10008BB00F /* SWRevealViewController.h */,
				95B0C7E01E8F0A10008BB00F /* SWRevealViewController.m */,
				4CFC74CB192492C0002146AC /* LocationFinder-Info.plist */,
				4CFC74CC192492C0002146AC /* InfoPlist.strings */,
				4CFC74CF192492C0002146AC /* main.m */,
				4CFC74D1192492C0002146AC /* LocationFinder-Prefix.pch */,
			);
			name = "Supporting Files";
			sourceTree = "<group>";
		};
		4CFC74EB192492C0002146AC /* LocationFinderTests */ = {
			isa = PBXGroup;
			children = (
				4CFC74F1192492C0002146AC /* LocationFinderTests.m */,
				4CFC74EC192492C0002146AC /* Supporting Files */,
			);
			path = LocationFinderTests;
			sourceTree = "<group>";
		};
		4CFC74EC192492C0002146AC /* Supporting Files */ = {
			isa = PBXGroup;
			children = (
				4CFC74ED192492C0002146AC /* LocationFinderTests-Info.plist */,
				4CFC74EE192492C0002146AC /* InfoPlist.strings */,
			);
			name = "Supporting Files";
			sourceTree = "<group>";
		};
/* End PBXGroup section */

/* Begin PBXNativeTarget section */
		4CFC74BF192492C0002146AC /* LocationFinder */ = {
			isa = PBXNativeTarget;
			buildConfigurationList = 4CFC74F5192492C0002146AC /* Build configuration list for PBXNativeTarget "LocationFinder" */;
			buildPhases = (
				B21703D54D91525F86E6C0B1 /* [CP] Check Pods Manifest.lock */,
				4CFC74BC192492C0002146AC /* Sources */,
				4CFC74BD192492C0002146AC /* Frameworks */,
				4CFC74BE192492C0002146AC /* Resources */,
				E2DAB802DBC7DCC7005FD7B0 /* [CP] Embed Pods Frameworks */,
				6A538603AB6A5D9A6DCABCC3 /* [CP] Copy Pods Resources */,
			);
			buildRules = (
			);
			dependencies = (
			);
			name = LocationFinder;
			productName = LocationFinder;
			productReference = 4CFC74C0192492C0002146AC /* LocationSearch.app */;
			productType = "com.apple.product-type.application";
		};
		4CFC74E3192492C0002146AC /* LocationFinderTests */ = {
			isa = PBXNativeTarget;
			buildConfigurationList = 4CFC74F8192492C0002146AC /* Build configuration list for PBXNativeTarget "LocationFinderTests" */;
			buildPhases = (
				3952E4452C041436517A03ED /* [CP] Check Pods Manifest.lock */,
				4CFC74E0192492C0002146AC /* Sources */,
				4CFC74E1192492C0002146AC /* Frameworks */,
				4CFC74E2192492C0002146AC /* Resources */,
				0D03BE46F61F450A18C6DC57 /* [CP] Embed Pods Frameworks */,
				8D08A109ED170BCCDE8EC9BD /* [CP] Copy Pods Resources */,
			);
			buildRules = (
			);
			dependencies = (
				4CFC74EA192492C0002146AC /* PBXTargetDependency */,
			);
			name = LocationFinderTests;
			productName = LocationFinderTests;
			productReference = 4CFC74E4192492C0002146AC /* LocationFinderTests.xctest */;
			productType = "com.apple.product-type.bundle.unit-test";
		};
/* End PBXNativeTarget section */

/* Begin PBXProject section */
		4CFC74B8192492C0002146AC /* Project object */ = {
			isa = PBXProject;
			attributes = {
				LastUpgradeCheck = 0820;
				ORGANIZATIONNAME = TheAppGuruz;
				TargetAttributes = {
					4CFC74BF192492C0002146AC = {
						DevelopmentTeam = RXC38XA36G;
					};
					4CFC74E3192492C0002146AC = {
						TestTargetID = 4CFC74BF192492C0002146AC;
					};
				};
			};
			buildConfigurationList = 4CFC74BB192492C0002146AC /* Build configuration list for PBXProject "LocationFinder" */;
			compatibilityVersion = "Xcode 3.2";
			developmentRegion = English;
			hasScannedForEncodings = 0;
			knownRegions = (
				en,
				Base,
			);
			mainGroup = 4CFC74B7192492C0002146AC;
			productRefGroup = 4CFC74C1192492C0002146AC /* Products */;
			projectDirPath = "";
			projectRoot = "";
			targets = (
				4CFC74BF192492C0002146AC /* LocationFinder */,
				4CFC74E3192492C0002146AC /* LocationFinderTests */,
			);
		};
/* End PBXProject section */

/* Begin PBXResourcesBuildPhase section */
		4CFC74BE192492C0002146AC /* Resources */ = {
			isa = PBXResourcesBuildPhase;
			buildActionMask = 2147483647;
			files = (
				95B0C7EB1E8F1013008BB00F /* Home_SignUp_1.jpg in Resources */,
				95B0C7EA1E8F1013008BB00F /* Home_Signin_1.jpg in Resources */,
				95B0C7F01E8F1F9B008BB00F /* Home_3.jpg in Resources */,
				4CFC74DA192492C0002146AC /* Main_iPad.storyboard in Resources */,
				95B0C7EE1E8F196E008BB00F /* Launch Screen.storyboard in Resources */,
				95B0C7EC1E8F1013008BB00F /* Home_2.jpg in Resources */,
<<<<<<< HEAD
				95B0C7FB1E8F9557008BB00F /* GoogleService-Info.plist in Resources */,
=======
>>>>>>> origin/master
				4CFC74DF192492C0002146AC /* Images.xcassets in Resources */,
				95B0C7E91E8F1013008BB00F /* Home_1.jpg in Resources */,
				4CFC74D7192492C0002146AC /* Main_iPhone.storyboard in Resources */,
				4CFC74CE192492C0002146AC /* InfoPlist.strings in Resources */,
			);
			runOnlyForDeploymentPostprocessing = 0;
		};
		4CFC74E2192492C0002146AC /* Resources */ = {
			isa = PBXResourcesBuildPhase;
			buildActionMask = 2147483647;
			files = (
				4CFC74F0192492C0002146AC /* InfoPlist.strings in Resources */,
			);
			runOnlyForDeploymentPostprocessing = 0;
		};
/* End PBXResourcesBuildPhase section */

/* Begin PBXShellScriptBuildPhase section */
		0D03BE46F61F450A18C6DC57 /* [CP] Embed Pods Frameworks */ = {
			isa = PBXShellScriptBuildPhase;
			buildActionMask = 2147483647;
			files = (
			);
			inputPaths = (
			);
			name = "[CP] Embed Pods Frameworks";
			outputPaths = (
			);
			runOnlyForDeploymentPostprocessing = 0;
			shellPath = /bin/sh;
			shellScript = "\"${SRCROOT}/Pods/Target Support Files/Pods-LocationFinderTests/Pods-LocationFinderTests-frameworks.sh\"\n";
			showEnvVarsInLog = 0;
		};
		3952E4452C041436517A03ED /* [CP] Check Pods Manifest.lock */ = {
			isa = PBXShellScriptBuildPhase;
			buildActionMask = 2147483647;
			files = (
			);
			inputPaths = (
			);
			name = "[CP] Check Pods Manifest.lock";
			outputPaths = (
			);
			runOnlyForDeploymentPostprocessing = 0;
			shellPath = /bin/sh;
			shellScript = "diff \"${PODS_ROOT}/../Podfile.lock\" \"${PODS_ROOT}/Manifest.lock\" > /dev/null\nif [ $? != 0 ] ; then\n    # print error to STDERR\n    echo \"error: The sandbox is not in sync with the Podfile.lock. Run 'pod install' or update your CocoaPods installation.\" >&2\n    exit 1\nfi\n";
			showEnvVarsInLog = 0;
		};
		6A538603AB6A5D9A6DCABCC3 /* [CP] Copy Pods Resources */ = {
			isa = PBXShellScriptBuildPhase;
			buildActionMask = 2147483647;
			files = (
			);
			inputPaths = (
			);
			name = "[CP] Copy Pods Resources";
			outputPaths = (
			);
			runOnlyForDeploymentPostprocessing = 0;
			shellPath = /bin/sh;
			shellScript = "\"${SRCROOT}/Pods/Target Support Files/Pods-LocationFinder/Pods-LocationFinder-resources.sh\"\n";
			showEnvVarsInLog = 0;
		};
		8D08A109ED170BCCDE8EC9BD /* [CP] Copy Pods Resources */ = {
			isa = PBXShellScriptBuildPhase;
			buildActionMask = 2147483647;
			files = (
			);
			inputPaths = (
			);
			name = "[CP] Copy Pods Resources";
			outputPaths = (
			);
			runOnlyForDeploymentPostprocessing = 0;
			shellPath = /bin/sh;
			shellScript = "\"${SRCROOT}/Pods/Target Support Files/Pods-LocationFinderTests/Pods-LocationFinderTests-resources.sh\"\n";
			showEnvVarsInLog = 0;
		};
		B21703D54D91525F86E6C0B1 /* [CP] Check Pods Manifest.lock */ = {
			isa = PBXShellScriptBuildPhase;
			buildActionMask = 2147483647;
			files = (
			);
			inputPaths = (
			);
			name = "[CP] Check Pods Manifest.lock";
			outputPaths = (
			);
			runOnlyForDeploymentPostprocessing = 0;
			shellPath = /bin/sh;
			shellScript = "diff \"${PODS_ROOT}/../Podfile.lock\" \"${PODS_ROOT}/Manifest.lock\" > /dev/null\nif [ $? != 0 ] ; then\n    # print error to STDERR\n    echo \"error: The sandbox is not in sync with the Podfile.lock. Run 'pod install' or update your CocoaPods installation.\" >&2\n    exit 1\nfi\n";
			showEnvVarsInLog = 0;
		};
		E2DAB802DBC7DCC7005FD7B0 /* [CP] Embed Pods Frameworks */ = {
			isa = PBXShellScriptBuildPhase;
			buildActionMask = 2147483647;
			files = (
			);
			inputPaths = (
			);
			name = "[CP] Embed Pods Frameworks";
			outputPaths = (
			);
			runOnlyForDeploymentPostprocessing = 0;
			shellPath = /bin/sh;
			shellScript = "\"${SRCROOT}/Pods/Target Support Files/Pods-LocationFinder/Pods-LocationFinder-frameworks.sh\"\n";
			showEnvVarsInLog = 0;
		};
/* End PBXShellScriptBuildPhase section */

/* Begin PBXSourcesBuildPhase section */
		4CFC74BC192492C0002146AC /* Sources */ = {
			isa = PBXSourcesBuildPhase;
			buildActionMask = 2147483647;
			files = (
				95B0C7F61E8F3169008BB00F /* SignInViewController.m in Sources */,
				4CFC74DD192492C0002146AC /* LocationFinderViewController.m in Sources */,
				4CFC74D4192492C0002146AC /* AppDelegate.m in Sources */,
				95B0C7E11E8F0A10008BB00F /* SWRevealViewController.m in Sources */,
				958F6B7A1E89939200249962 /* ViewController.m in Sources */,
				95B0C7F31E8F3159008BB00F /* SignInSignUpViewController.m in Sources */,
				95B0C7F91E8F317C008BB00F /* SignUpViewController.m in Sources */,
				4CFC74D0192492C0002146AC /* main.m in Sources */,
			);
			runOnlyForDeploymentPostprocessing = 0;
		};
		4CFC74E0192492C0002146AC /* Sources */ = {
			isa = PBXSourcesBuildPhase;
			buildActionMask = 2147483647;
			files = (
				4CFC74F2192492C0002146AC /* LocationFinderTests.m in Sources */,
			);
			runOnlyForDeploymentPostprocessing = 0;
		};
/* End PBXSourcesBuildPhase section */

/* Begin PBXTargetDependency section */
		4CFC74EA192492C0002146AC /* PBXTargetDependency */ = {
			isa = PBXTargetDependency;
			target = 4CFC74BF192492C0002146AC /* LocationFinder */;
			targetProxy = 4CFC74E9192492C0002146AC /* PBXContainerItemProxy */;
		};
/* End PBXTargetDependency section */

/* Begin PBXVariantGroup section */
		4CFC74CC192492C0002146AC /* InfoPlist.strings */ = {
			isa = PBXVariantGroup;
			children = (
				4CFC74CD192492C0002146AC /* en */,
			);
			name = InfoPlist.strings;
			sourceTree = "<group>";
		};
		4CFC74D5192492C0002146AC /* Main_iPhone.storyboard */ = {
			isa = PBXVariantGroup;
			children = (
				4CFC74D6192492C0002146AC /* Base */,
			);
			name = Main_iPhone.storyboard;
			sourceTree = "<group>";
		};
		4CFC74D8192492C0002146AC /* Main_iPad.storyboard */ = {
			isa = PBXVariantGroup;
			children = (
				4CFC74D9192492C0002146AC /* Base */,
			);
			name = Main_iPad.storyboard;
			sourceTree = "<group>";
		};
		4CFC74EE192492C0002146AC /* InfoPlist.strings */ = {
			isa = PBXVariantGroup;
			children = (
				4CFC74EF192492C0002146AC /* en */,
			);
			name = InfoPlist.strings;
			sourceTree = "<group>";
		};
/* End PBXVariantGroup section */

/* Begin XCBuildConfiguration section */
		4CFC74F3192492C0002146AC /* Debug */ = {
			isa = XCBuildConfiguration;
			buildSettings = {
				ALWAYS_SEARCH_USER_PATHS = NO;
				CLANG_CXX_LANGUAGE_STANDARD = "gnu++0x";
				CLANG_CXX_LIBRARY = "libc++";
				CLANG_ENABLE_MODULES = YES;
				CLANG_ENABLE_OBJC_ARC = YES;
				CLANG_WARN_BOOL_CONVERSION = YES;
				CLANG_WARN_CONSTANT_CONVERSION = YES;
				CLANG_WARN_DIRECT_OBJC_ISA_USAGE = YES_ERROR;
				CLANG_WARN_EMPTY_BODY = YES;
				CLANG_WARN_ENUM_CONVERSION = YES;
				CLANG_WARN_INFINITE_RECURSION = YES;
				CLANG_WARN_INT_CONVERSION = YES;
				CLANG_WARN_OBJC_ROOT_CLASS = YES_ERROR;
				CLANG_WARN_SUSPICIOUS_MOVE = YES;
				CLANG_WARN_UNREACHABLE_CODE = YES;
				CLANG_WARN__DUPLICATE_METHOD_MATCH = YES;
				"CODE_SIGN_IDENTITY[sdk=iphoneos*]" = "iPhone Developer";
				COPY_PHASE_STRIP = NO;
				ENABLE_STRICT_OBJC_MSGSEND = YES;
				ENABLE_TESTABILITY = YES;
				GCC_C_LANGUAGE_STANDARD = gnu99;
				GCC_DYNAMIC_NO_PIC = NO;
				GCC_NO_COMMON_BLOCKS = YES;
				GCC_OPTIMIZATION_LEVEL = 0;
				GCC_PREPROCESSOR_DEFINITIONS = (
					"DEBUG=1",
					"$(inherited)",
				);
				GCC_SYMBOLS_PRIVATE_EXTERN = NO;
				GCC_WARN_64_TO_32_BIT_CONVERSION = YES;
				GCC_WARN_ABOUT_RETURN_TYPE = YES_ERROR;
				GCC_WARN_UNDECLARED_SELECTOR = YES;
				GCC_WARN_UNINITIALIZED_AUTOS = YES_AGGRESSIVE;
				GCC_WARN_UNUSED_FUNCTION = YES;
				GCC_WARN_UNUSED_VARIABLE = YES;
				IPHONEOS_DEPLOYMENT_TARGET = 8.0;
				ONLY_ACTIVE_ARCH = YES;
				SDKROOT = iphoneos;
				TARGETED_DEVICE_FAMILY = "1,2";
			};
			name = Debug;
		};
		4CFC74F4192492C0002146AC /* Release */ = {
			isa = XCBuildConfiguration;
			buildSettings = {
				ALWAYS_SEARCH_USER_PATHS = NO;
				CLANG_CXX_LANGUAGE_STANDARD = "gnu++0x";
				CLANG_CXX_LIBRARY = "libc++";
				CLANG_ENABLE_MODULES = YES;
				CLANG_ENABLE_OBJC_ARC = YES;
				CLANG_WARN_BOOL_CONVERSION = YES;
				CLANG_WARN_CONSTANT_CONVERSION = YES;
				CLANG_WARN_DIRECT_OBJC_ISA_USAGE = YES_ERROR;
				CLANG_WARN_EMPTY_BODY = YES;
				CLANG_WARN_ENUM_CONVERSION = YES;
				CLANG_WARN_INFINITE_RECURSION = YES;
				CLANG_WARN_INT_CONVERSION = YES;
				CLANG_WARN_OBJC_ROOT_CLASS = YES_ERROR;
				CLANG_WARN_SUSPICIOUS_MOVE = YES;
				CLANG_WARN_UNREACHABLE_CODE = YES;
				CLANG_WARN__DUPLICATE_METHOD_MATCH = YES;
				"CODE_SIGN_IDENTITY[sdk=iphoneos*]" = "iPhone Developer";
				COPY_PHASE_STRIP = YES;
				ENABLE_NS_ASSERTIONS = NO;
				ENABLE_STRICT_OBJC_MSGSEND = YES;
				GCC_C_LANGUAGE_STANDARD = gnu99;
				GCC_NO_COMMON_BLOCKS = YES;
				GCC_WARN_64_TO_32_BIT_CONVERSION = YES;
				GCC_WARN_ABOUT_RETURN_TYPE = YES_ERROR;
				GCC_WARN_UNDECLARED_SELECTOR = YES;
				GCC_WARN_UNINITIALIZED_AUTOS = YES_AGGRESSIVE;
				GCC_WARN_UNUSED_FUNCTION = YES;
				GCC_WARN_UNUSED_VARIABLE = YES;
				IPHONEOS_DEPLOYMENT_TARGET = 8.0;
				SDKROOT = iphoneos;
				TARGETED_DEVICE_FAMILY = "1,2";
				VALIDATE_PRODUCT = YES;
			};
			name = Release;
		};
		4CFC74F6192492C0002146AC /* Debug */ = {
			isa = XCBuildConfiguration;
			baseConfigurationReference = 0338C57E3564938B43BCDE03 /* Pods-LocationFinder.debug.xcconfig */;
			buildSettings = {
				ASSETCATALOG_COMPILER_APPICON_NAME = AppIcon;
				ASSETCATALOG_COMPILER_LAUNCHIMAGE_NAME = LaunchImage;
				DEVELOPMENT_TEAM = RXC38XA36G;
				GCC_PRECOMPILE_PREFIX_HEADER = YES;
				GCC_PREFIX_HEADER = "LocationFinder/LocationFinder-Prefix.pch";
				INFOPLIST_FILE = "LocationFinder/LocationFinder-Info.plist";
				PRODUCT_BUNDLE_IDENTIFIER = com.girish.location;
				PRODUCT_NAME = LocationSearch;
				WRAPPER_EXTENSION = app;
			};
			name = Debug;
		};
		4CFC74F7192492C0002146AC /* Release */ = {
			isa = XCBuildConfiguration;
			baseConfigurationReference = 920ECBDF863113C5F4C5CD25 /* Pods-LocationFinder.release.xcconfig */;
			buildSettings = {
				ASSETCATALOG_COMPILER_APPICON_NAME = AppIcon;
				ASSETCATALOG_COMPILER_LAUNCHIMAGE_NAME = LaunchImage;
				DEVELOPMENT_TEAM = RXC38XA36G;
				GCC_PRECOMPILE_PREFIX_HEADER = YES;
				GCC_PREFIX_HEADER = "LocationFinder/LocationFinder-Prefix.pch";
				INFOPLIST_FILE = "LocationFinder/LocationFinder-Info.plist";
				PRODUCT_BUNDLE_IDENTIFIER = com.girish.location;
				PRODUCT_NAME = LocationSearch;
				WRAPPER_EXTENSION = app;
			};
			name = Release;
		};
		4CFC74F9192492C0002146AC /* Debug */ = {
			isa = XCBuildConfiguration;
			baseConfigurationReference = 711B7418418184969050BBC8 /* Pods-LocationFinderTests.debug.xcconfig */;
			buildSettings = {
				BUNDLE_LOADER = "$(BUILT_PRODUCTS_DIR)/LocationFinder.app/LocationFinder";
				FRAMEWORK_SEARCH_PATHS = (
					"$(SDKROOT)/Developer/Library/Frameworks",
					"$(inherited)",
					"$(DEVELOPER_FRAMEWORKS_DIR)",
				);
				GCC_PRECOMPILE_PREFIX_HEADER = YES;
				GCC_PREFIX_HEADER = "LocationFinder/LocationFinder-Prefix.pch";
				GCC_PREPROCESSOR_DEFINITIONS = (
					"DEBUG=1",
					"$(inherited)",
				);
				INFOPLIST_FILE = "LocationFinderTests/LocationFinderTests-Info.plist";
				PRODUCT_BUNDLE_IDENTIFIER = "com.TheAppGuruz.Bhavik.${PRODUCT_NAME:rfc1034identifier}";
				PRODUCT_NAME = "$(TARGET_NAME)";
				TEST_HOST = "$(BUNDLE_LOADER)";
				WRAPPER_EXTENSION = xctest;
			};
			name = Debug;
		};
		4CFC74FA192492C0002146AC /* Release */ = {
			isa = XCBuildConfiguration;
			baseConfigurationReference = BED66BABFB73253C6969F4DD /* Pods-LocationFinderTests.release.xcconfig */;
			buildSettings = {
				BUNDLE_LOADER = "$(BUILT_PRODUCTS_DIR)/LocationFinder.app/LocationFinder";
				FRAMEWORK_SEARCH_PATHS = (
					"$(SDKROOT)/Developer/Library/Frameworks",
					"$(inherited)",
					"$(DEVELOPER_FRAMEWORKS_DIR)",
				);
				GCC_PRECOMPILE_PREFIX_HEADER = YES;
				GCC_PREFIX_HEADER = "LocationFinder/LocationFinder-Prefix.pch";
				INFOPLIST_FILE = "LocationFinderTests/LocationFinderTests-Info.plist";
				PRODUCT_BUNDLE_IDENTIFIER = "com.TheAppGuruz.Bhavik.${PRODUCT_NAME:rfc1034identifier}";
				PRODUCT_NAME = "$(TARGET_NAME)";
				TEST_HOST = "$(BUNDLE_LOADER)";
				WRAPPER_EXTENSION = xctest;
			};
			name = Release;
		};
/* End XCBuildConfiguration section */

/* Begin XCConfigurationList section */
		4CFC74BB192492C0002146AC /* Build configuration list for PBXProject "LocationFinder" */ = {
			isa = XCConfigurationList;
			buildConfigurations = (
				4CFC74F3192492C0002146AC /* Debug */,
				4CFC74F4192492C0002146AC /* Release */,
			);
			defaultConfigurationIsVisible = 0;
			defaultConfigurationName = Release;
		};
		4CFC74F5192492C0002146AC /* Build configuration list for PBXNativeTarget "LocationFinder" */ = {
			isa = XCConfigurationList;
			buildConfigurations = (
				4CFC74F6192492C0002146AC /* Debug */,
				4CFC74F7192492C0002146AC /* Release */,
			);
			defaultConfigurationIsVisible = 0;
			defaultConfigurationName = Release;
		};
		4CFC74F8192492C0002146AC /* Build configuration list for PBXNativeTarget "LocationFinderTests" */ = {
			isa = XCConfigurationList;
			buildConfigurations = (
				4CFC74F9192492C0002146AC /* Debug */,
				4CFC74FA192492C0002146AC /* Release */,
			);
			defaultConfigurationIsVisible = 0;
			defaultConfigurationName = Release;
		};
/* End XCConfigurationList section */
	};
	rootObject = 4CFC74B8192492C0002146AC /* Project object */;
}
